
Microsoft Visual Studio Solution File, Format Version 12.00
# Visual Studio Version 17
VisualStudioVersion = 17.3.32811.315
MinimumVisualStudioVersion = 10.0.40219.1
Project("{FAE04EC0-301F-11D3-BF4B-00C04F79EFBC}") = "Task34", "Task34\Task34.csproj", "{08FB345C-1404-4798-97AC-22FB56F69829}"
EndProject
Project("{FAE04EC0-301F-11D3-BF4B-00C04F79EFBC}") = "Task36", "Task36\Task36.csproj", "{7985D09B-71C5-46CE-9D79-D8AF6A5E5233}"
EndProject
Project("{FAE04EC0-301F-11D3-BF4B-00C04F79EFBC}") = "Task38", "Task38\Task38.csproj", "{EE675F19-1539-4AB8-8B65-AE5E8F5DB95A}"
EndProject
Global
	GlobalSection(SolutionConfigurationPlatforms) = preSolution
		Debug|Any CPU = Debug|Any CPU
		Release|Any CPU = Release|Any CPU
	EndGlobalSection
	GlobalSection(ProjectConfigurationPlatforms) = postSolution
		{08FB345C-1404-4798-97AC-22FB56F69829}.Debug|Any CPU.ActiveCfg = Debug|Any CPU
		{08FB345C-1404-4798-97AC-22FB56F69829}.Debug|Any CPU.Build.0 = Debug|Any CPU
		{08FB345C-1404-4798-97AC-22FB56F69829}.Release|Any CPU.ActiveCfg = Release|Any CPU
		{08FB345C-1404-4798-97AC-22FB56F69829}.Release|Any CPU.Build.0 = Release|Any CPU
		{7985D09B-71C5-46CE-9D79-D8AF6A5E5233}.Debug|Any CPU.ActiveCfg = Debug|Any CPU
		{7985D09B-71C5-46CE-9D79-D8AF6A5E5233}.Debug|Any CPU.Build.0 = Debug|Any CPU
		{7985D09B-71C5-46CE-9D79-D8AF6A5E5233}.Release|Any CPU.ActiveCfg = Release|Any CPU
		{7985D09B-71C5-46CE-9D79-D8AF6A5E5233}.Release|Any CPU.Build.0 = Release|Any CPU
		{EE675F19-1539-4AB8-8B65-AE5E8F5DB95A}.Debug|Any CPU.ActiveCfg = Debug|Any CPU
		{EE675F19-1539-4AB8-8B65-AE5E8F5DB95A}.Debug|Any CPU.Build.0 = Debug|Any CPU
		{EE675F19-1539-4AB8-8B65-AE5E8F5DB95A}.Release|Any CPU.ActiveCfg = Release|Any CPU
		{EE675F19-1539-4AB8-8B65-AE5E8F5DB95A}.Release|Any CPU.Build.0 = Release|Any CPU
	EndGlobalSection
	GlobalSection(SolutionProperties) = preSolution
		HideSolutionNode = FALSE
	EndGlobalSection
	GlobalSection(ExtensibilityGlobals) = postSolution
		SolutionGuid = {57042CEE-CDD3-4065-A80C-160E35E1431D}
	EndGlobalSection
EndGlobal
